{
  "lockfileVersion": 1,
  "configVersion": 1,
  "workspaces": {
    "": {
      "name": "specio",
      "devDependencies": {
        "@biomejs/biome": "^2.5.12",
        "@types/bun": "^1.1.0",
        "@types/chrome": "^0.0.268",
        "typescript": "^5.4.0",
      },
    },
  },
  "packages": {
    "@biomejs/biome": ["@biomejs/biome@2.5.12", "", { "optionalDependencies": { "@biomejs/cli-darwin-arm64": "2.5.12", "@biomejs/cli-darwin-x64": "2.5.12", "@biomejs/cli-linux-arm64": "2.5.12", "@biomejs/cli-linux-arm64-musl": "2.5.12", "@biomejs/cli-linux-x64": "2.5.12", "@biomejs/cli-linux-x64-musl": "2.5.12", "@biomejs/cli-win32-arm64": "2.5.12", "@biomejs/cli-win32-x64": "2.5.12" }, "bin": { "biome": "bin/biome" } }, "sha512-Lw4VHZRebrReBBnlHa12JQjnIBm3JJAA55PDB9LbBVBF0q4RYphm6KfmIjqtPhf61MxZ5Q9KoK8R8x+7per5Aw=="],

    "@biomejs/cli-darwin-arm64": ["@biomejs/cli-darwin-arm64@2.5.12", "", { "os": "darwin", "cpu": "arm64" }, "sha512-lCRY1rwgNeWNgTr4DI/u6ZwXTRwRLHAvbaio1YLLGS+4r1nhvB2ssyPqIpfUSmRveNfv0fn/N58C7CAdK2XVrg=="],

    "@biomejs/cli-darwin-x64": ["@biomejs/cli-darwin-x64@2.5.12", "", { "os": "darwin", "cpu": "x64" }, "sha512-vhPgwnh+6tN3ArdAXuET99xaNbFt7CG82Bqn+omHVLC5xdVx45JsYjGPmUIGNzjDek5XdNCP1HKksK7fn8+3bQ=="],

    "@biomejs/cli-linux-arm64": ["@biomejs/cli-linux-arm64@2.5.12", "", { "os": "linux", "cpu": "arm64" }, "sha512-2gp8aVwXYKdAtmBfRFCUuyDMcfN1ahHqUkGfLYrZlNRFmryMATLVvJgWKvyA8wu4Rwn5OSxM1UcUmOuOFNGeBQ=="],

    "@biomejs/cli-linux-arm64-musl": ["@biomejs/cli-linux-arm64-musl@2.5.12", "", { "os": "linux", "cpu": "arm64" }, "sha512-couHYjFLL5uuI8ne6zhT7KwEsXo5YP7ry/2xmEqah7qanu0YmfDi3mwJg47YXSuv/NpZj22CZzcRH/5c4gjPSQ=="],

    "@biomejs/cli-linux-x64": ["@biomejs/cli-linux-x64@2.5.12", "", { "os": "linux", "cpu": "x64" }, "sha512-SnvOs3TSTiuia4SQOUNe1aWC9RT4+YkjcKnOhL/nsKOV0k5ycgBkDzF0lUxKn1V7Q8CLTRq6iV23ZAivHomRoA=="],

    "@biomejs/cli-linux-x64-musl": ["@biomejs/cli-linux-x64-musl@2.5.12", "", { "os": "linux", "cpu": "x64" }, "sha512-8A0oDW58/w9f/PQNYuq0sGUZtGtGrkNF4Z6n0PUoXpLCshi85vtKTv1XSznQawhdE4MXJ8ufpzHXyLFe87M/+w=="],

    "@biomejs/cli-win32-arm64": ["@biomejs/cli-win32-arm64@2.5.12", "", { "os": "win32", "cpu": "arm64" }, "sha512-b9vtoZFsuZt1pdjNwJvXl0f+BpayRzV008uS2+JpmwIKdSE2qdu4A/l04FESwLoou5g2E/Qlec0xwJydZplH+A=="],

    "@biomejs/cli-win32-x64": ["@biomejs/cli-win32-x64@2.5.12", "", { "os": "win32", "cpu": "x64" }, "sha512-B1R/l+CwEpKFSuqiwePzPNRk1EiJN8kc0UhdafNz6MZN9v5OFP9HYP1irptvWzHrwVI4blVNGMbxc5zt70m3IA=="],

    "@types/bun": ["@types/bun@1.3.14", "", { "dependencies": { "bun-types": "1.3.14" } }, "sha512-h1hFqFVcvAvD9j9K7ZW7vd82aSA+rTdznZa+5bwvCwqSB1jmmfLcbIWhOLx1/+boy/xmjgCs/OMUL8hRJSmnPw=="],

    "@types/chrome": ["@types/chrome@0.0.268", "", { "dependencies": { "@types/filesystem": "*", "@types/har-format": "*" } }, "sha512-7N1QH9buudSJ7sI8Pe4mBHJr5oZ48s0hcanI9w3wgijAlv1OZNUZve9JR4x42dn5lJ5Sm87V1JNfnoh10EnQlA=="],

    "@types/filesystem": ["@types/filesystem@0.0.36", "", { "dependencies": { "@types/filewriter": "*" } }, "sha512-vPDXOZuannb9FZdxgHnqSwAG/jvdGM8Wq+6N4D/d80z+D4HWH+bItqsZaVRQykAn6WEVeEkLm2oQigyHtgb0RA=="],

    "@types/filewriter": ["@types/filewriter@0.0.33", "", {}, "sha512-xFU8ZXTw4gd358lb2jw25nxY9QAgqn2+bKKjKOYfNCzN4DKCFetK7sPtrlpg66Ywe3vWY9FNxprZawAh9wfJ3g=="],

    "@types/har-format": ["@types/har-format@1.2.16", "", {}, "sha512-fluxdy7ryD3MV6h8pTfTYpy/xQzCFC7m89nOH9y94cNqJ1mDIDPut7MnRHI3F6qRmh/cT2fUjG1MLdCNb4hE9A=="],

    "@types/node": ["@types/node@26.0.0", "", { "dependencies": { "undici-types": "~8.3.0" } }, "sha512-vf2YFi1iY9lHGwNJMs01biZFbKJkrZR1T6/MlzjhJLPdntOHLhTrDSnSVcdtvjihi4VQNlrFRIxLsDBlQpAipA=="],

    "bun-types": ["bun-types@1.3.14", "", { "dependencies": { "@types/node": "*" } }, "sha512-4N0ig0fEomHt5R0KCFWjovxow98rIoRwKolrYdCcknNwMekCXRnWEUvgu5soYV8QXtVsrUD8B95MBOZGPvr6KQ=="],

    "typescript": ["typescript@5.9.3", "", { "bin": { "tsc": "bin/tsc", "tsserver": "bin/tsserver" } }, "sha512-jl1vZzPDinLr9eUt3J/t7V6FgNEw9QjvBPdysz9KfQDD41fQrC2Y4vKQdiaUpFT4bXlb1RHhLpp8wtm6M5TgSw=="],

    "undici-types": ["undici-types@8.3.0", "", {}, "sha512-j375ScV60dom+YkPFIfTLcOiPxkN/buHz5GobjLhixFuANaNs3C9l4GmrWqejgXWJ7BbJcFYpTEUkS1Ge8bpZQ=="],
  }
}
